// !$*UTF8*$!
{
	archiveVersion = 1;
	classes = {
	};
	objectVersion = 56;
	objects = {

/* Begin PBXBuildFile section */
		A3087373294F29FD0031D17F /* OAuthTokenResponseBody.swift in Sources */ = {isa = PBXBuildFile; fileRef = A3087372294F29FD0031D17F /* OAuthTokenResponseBody.swift */; };
		A3087375294F2DF90031D17F /* OAuth2Service.swift in Sources */ = {isa = PBXBuildFile; fileRef = A3087374294F2DF90031D17F /* OAuth2Service.swift */; };
		A3087377294F34C90031D17F /* OAuth2TokenStorage.swift in Sources */ = {isa = PBXBuildFile; fileRef = A3087376294F34C90031D17F /* OAuth2TokenStorage.swift */; };
		A308737B294F863F0031D17F /* SplashViewController.swift in Sources */ = {isa = PBXBuildFile; fileRef = A308737A294F863F0031D17F /* SplashViewController.swift */; };
		A3120E732976F30600F94B1E /* ProgressHUD in Frameworks */ = {isa = PBXBuildFile; productRef = A3120E722976F30600F94B1E /* ProgressHUD */; };
		A32D23C4297D73E000A4784B /* ProfileImageService.swift in Sources */ = {isa = PBXBuildFile; fileRef = A32D23C3297D73E000A4784B /* ProfileImageService.swift */; };
		A32D23C6297D756D00A4784B /* ProfileResponseBody.swift in Sources */ = {isa = PBXBuildFile; fileRef = A32D23C5297D756D00A4784B /* ProfileResponseBody.swift */; };
		A32D23C8297D760A00A4784B /* UserResult.swift in Sources */ = {isa = PBXBuildFile; fileRef = A32D23C7297D760A00A4784B /* UserResult.swift */; };
		A32D23CA297DC4DD00A4784B /* URLSession+extension.swift in Sources */ = {isa = PBXBuildFile; fileRef = A32D23C9297DC4DD00A4784B /* URLSession+extension.swift */; };
		A3711182294CD9D7003CAC01 /* Constants.swift in Sources */ = {isa = PBXBuildFile; fileRef = A3711181294CD9D7003CAC01 /* Constants.swift */; };
		A3711184294CEDAB003CAC01 /* AuthViewController.swift in Sources */ = {isa = PBXBuildFile; fileRef = A3711183294CEDAB003CAC01 /* AuthViewController.swift */; };
		A3711187294CF1EF003CAC01 /* WebViewViewController.swift in Sources */ = {isa = PBXBuildFile; fileRef = A3711186294CF1EF003CAC01 /* WebViewViewController.swift */; };
		A373009E29390F8300BF1A73 /* ProfileViewController.swift in Sources */ = {isa = PBXBuildFile; fileRef = A373009D29390F8300BF1A73 /* ProfileViewController.swift */; };
		A3B8757C2931271100C78C74 /* AppDelegate.swift in Sources */ = {isa = PBXBuildFile; fileRef = A3B8757B2931271100C78C74 /* AppDelegate.swift */; };
		A3B8757E2931271100C78C74 /* SceneDelegate.swift in Sources */ = {isa = PBXBuildFile; fileRef = A3B8757D2931271100C78C74 /* SceneDelegate.swift */; };
		A3B875802931271100C78C74 /* ImagesListViewController.swift in Sources */ = {isa = PBXBuildFile; fileRef = A3B8757F2931271100C78C74 /* ImagesListViewController.swift */; };
		A3B875832931271100C78C74 /* Main.storyboard in Resources */ = {isa = PBXBuildFile; fileRef = A3B875812931271100C78C74 /* Main.storyboard */; };
		A3B875852931271300C78C74 /* Assets.xcassets in Resources */ = {isa = PBXBuildFile; fileRef = A3B875842931271300C78C74 /* Assets.xcassets */; };
		A3B875882931271300C78C74 /* LaunchScreen.storyboard in Resources */ = {isa = PBXBuildFile; fileRef = A3B875862931271300C78C74 /* LaunchScreen.storyboard */; };
		A3B875B02932772400C78C74 /* ImagesListCell.swift in Sources */ = {isa = PBXBuildFile; fileRef = A3B875AF2932772400C78C74 /* ImagesListCell.swift */; };
		A3BF9DA1293A85B5006850C0 /* SingleImageViewController.swift in Sources */ = {isa = PBXBuildFile; fileRef = A3BF9DA0293A85B5006850C0 /* SingleImageViewController.swift */; };
		A3D0C87029799128009AE060 /* UIBlockingProgressHUD.swift in Sources */ = {isa = PBXBuildFile; fileRef = A3D0C86F29799128009AE060 /* UIBlockingProgressHUD.swift */; };
		A3D0C87229799D5C009AE060 /* ProfileService.swift in Sources */ = {isa = PBXBuildFile; fileRef = A3D0C87129799D5C009AE060 /* ProfileService.swift */; };
/* End PBXBuildFile section */

/* Begin PBXFileReference section */
		A3087372294F29FD0031D17F /* OAuthTokenResponseBody.swift */ = {isa = PBXFileReference; lastKnownFileType = sourcecode.swift; path = OAuthTokenResponseBody.swift; sourceTree = "<group>"; };
		A3087374294F2DF90031D17F /* OAuth2Service.swift */ = {isa = PBXFileReference; lastKnownFileType = sourcecode.swift; path = OAuth2Service.swift; sourceTree = "<group>"; };
		A3087376294F34C90031D17F /* OAuth2TokenStorage.swift */ = {isa = PBXFileReference; lastKnownFileType = sourcecode.swift; path = OAuth2TokenStorage.swift; sourceTree = "<group>"; };
		A308737A294F863F0031D17F /* SplashViewController.swift */ = {isa = PBXFileReference; lastKnownFileType = sourcecode.swift; path = SplashViewController.swift; sourceTree = "<group>"; };
		A32D23C3297D73E000A4784B /* ProfileImageService.swift */ = {isa = PBXFileReference; lastKnownFileType = sourcecode.swift; path = ProfileImageService.swift; sourceTree = "<group>"; };
		A32D23C5297D756D00A4784B /* ProfileResponseBody.swift */ = {isa = PBXFileReference; lastKnownFileType = sourcecode.swift; path = ProfileResponseBody.swift; sourceTree = "<group>"; };
		A32D23C7297D760A00A4784B /* UserResult.swift */ = {isa = PBXFileReference; lastKnownFileType = sourcecode.swift; path = UserResult.swift; sourceTree = "<group>"; };
		A32D23C9297DC4DD00A4784B /* URLSession+extension.swift */ = {isa = PBXFileReference; lastKnownFileType = sourcecode.swift; path = "URLSession+extension.swift"; sourceTree = "<group>"; };
		A3711181294CD9D7003CAC01 /* Constants.swift */ = {isa = PBXFileReference; lastKnownFileType = sourcecode.swift; path = Constants.swift; sourceTree = "<group>"; };
		A3711183294CEDAB003CAC01 /* AuthViewController.swift */ = {isa = PBXFileReference; lastKnownFileType = sourcecode.swift; path = AuthViewController.swift; sourceTree = "<group>"; };
		A3711186294CF1EF003CAC01 /* WebViewViewController.swift */ = {isa = PBXFileReference; lastKnownFileType = sourcecode.swift; path = WebViewViewController.swift; sourceTree = "<group>"; };
		A373009D29390F8300BF1A73 /* ProfileViewController.swift */ = {isa = PBXFileReference; lastKnownFileType = sourcecode.swift; path = ProfileViewController.swift; sourceTree = "<group>"; };
		A3B875782931271100C78C74 /* ImageFeed.app */ = {isa = PBXFileReference; explicitFileType = wrapper.application; includeInIndex = 0; path = ImageFeed.app; sourceTree = BUILT_PRODUCTS_DIR; };
		A3B8757B2931271100C78C74 /* AppDelegate.swift */ = {isa = PBXFileReference; lastKnownFileType = sourcecode.swift; path = AppDelegate.swift; sourceTree = "<group>"; };
		A3B8757D2931271100C78C74 /* SceneDelegate.swift */ = {isa = PBXFileReference; lastKnownFileType = sourcecode.swift; path = SceneDelegate.swift; sourceTree = "<group>"; };
		A3B8757F2931271100C78C74 /* ImagesListViewController.swift */ = {isa = PBXFileReference; lastKnownFileType = sourcecode.swift; path = ImagesListViewController.swift; sourceTree = "<group>"; };
		A3B875822931271100C78C74 /* Base */ = {isa = PBXFileReference; lastKnownFileType = file.storyboard; name = Base; path = Base.lproj/Main.storyboard; sourceTree = "<group>"; };
		A3B875842931271300C78C74 /* Assets.xcassets */ = {isa = PBXFileReference; lastKnownFileType = folder.assetcatalog; path = Assets.xcassets; sourceTree = "<group>"; };
		A3B875872931271300C78C74 /* Base */ = {isa = PBXFileReference; lastKnownFileType = file.storyboard; name = Base; path = Base.lproj/LaunchScreen.storyboard; sourceTree = "<group>"; };
		A3B875892931271300C78C74 /* Info.plist */ = {isa = PBXFileReference; lastKnownFileType = text.plist.xml; path = Info.plist; sourceTree = "<group>"; };
		A3B875AF2932772400C78C74 /* ImagesListCell.swift */ = {isa = PBXFileReference; lastKnownFileType = sourcecode.swift; path = ImagesListCell.swift; sourceTree = "<group>"; };
		A3BF9DA0293A85B5006850C0 /* SingleImageViewController.swift */ = {isa = PBXFileReference; lastKnownFileType = sourcecode.swift; path = SingleImageViewController.swift; sourceTree = "<group>"; };
		A3D0C86F29799128009AE060 /* UIBlockingProgressHUD.swift */ = {isa = PBXFileReference; lastKnownFileType = sourcecode.swift; path = UIBlockingProgressHUD.swift; sourceTree = "<group>"; };
		A3D0C87129799D5C009AE060 /* ProfileService.swift */ = {isa = PBXFileReference; lastKnownFileType = sourcecode.swift; path = ProfileService.swift; sourceTree = "<group>"; };
/* End PBXFileReference section */

/* Begin PBXFrameworksBuildPhase section */
		A3B875752931271100C78C74 /* Frameworks */ = {
			isa = PBXFrameworksBuildPhase;
			buildActionMask = 2147483647;
			files = (
				A3120E732976F30600F94B1E /* ProgressHUD in Frameworks */,
			);
			runOnlyForDeploymentPostprocessing = 0;
		};
/* End PBXFrameworksBuildPhase section */

/* Begin PBXGroup section */
		A3087371294F299C0031D17F /* Resources */ = {
			isa = PBXGroup;
			children = (
				A3B8757B2931271100C78C74 /* AppDelegate.swift */,
				A3B8757D2931271100C78C74 /* SceneDelegate.swift */,
				A3B875862931271300C78C74 /* LaunchScreen.storyboard */,
				A3B875842931271300C78C74 /* Assets.xcassets */,
				A3B875892931271300C78C74 /* Info.plist */,
			);
			path = Resources;
			sourceTree = "<group>";
		};
		A3711185294CF1E4003CAC01 /* Auth */ = {
			isa = PBXGroup;
			children = (
				A3711183294CEDAB003CAC01 /* AuthViewController.swift */,
				A3711186294CF1EF003CAC01 /* WebViewViewController.swift */,
			);
			path = Auth;
			sourceTree = "<group>";
		};
		A385664F293E7A1900D13550 /* SingleImage */ = {
			isa = PBXGroup;
			children = (
				A3BF9DA0293A85B5006850C0 /* SingleImageViewController.swift */,
			);
			path = SingleImage;
			sourceTree = "<group>";
		};
		A3B8756F2931271100C78C74 = {
			isa = PBXGroup;
			children = (
				A3B8757A2931271100C78C74 /* ImageFeed */,
				A3B875792931271100C78C74 /* Products */,
			);
			sourceTree = "<group>";
		};
		A3B875792931271100C78C74 /* Products */ = {
			isa = PBXGroup;
			children = (
				A3B875782931271100C78C74 /* ImageFeed.app */,
			);
			name = Products;
			sourceTree = "<group>";
		};
		A3B8757A2931271100C78C74 /* ImageFeed */ = {
			isa = PBXGroup;
			children = (
				A3711181294CD9D7003CAC01 /* Constants.swift */,
				A3B875812931271100C78C74 /* Main.storyboard */,
				A3087372294F29FD0031D17F /* OAuthTokenResponseBody.swift */,
				A3087374294F2DF90031D17F /* OAuth2Service.swift */,
				A3087376294F34C90031D17F /* OAuth2TokenStorage.swift */,
				A308737A294F863F0031D17F /* SplashViewController.swift */,
				A3D0C86F29799128009AE060 /* UIBlockingProgressHUD.swift */,
				A3B875B12932793A00C78C74 /* ImagesList */,
				A385664F293E7A1900D13550 /* SingleImage */,
				A3BF9D9F293A8569006850C0 /* Profile */,
				A3711185294CF1E4003CAC01 /* Auth */,
				A3087371294F299C0031D17F /* Resources */,
				A32D23C9297DC4DD00A4784B /* URLSession+extension.swift */,
			);
			path = ImageFeed;
			sourceTree = "<group>";
		};
		A3B875B12932793A00C78C74 /* ImagesList */ = {
			isa = PBXGroup;
			children = (
				A3B8757F2931271100C78C74 /* ImagesListViewController.swift */,
				A3B875AF2932772400C78C74 /* ImagesListCell.swift */,
			);
			path = ImagesList;
			sourceTree = "<group>";
		};
		A3BF9D9F293A8569006850C0 /* Profile */ = {
			isa = PBXGroup;
			children = (
				A373009D29390F8300BF1A73 /* ProfileViewController.swift */,
				A32D23C5297D756D00A4784B /* ProfileResponseBody.swift */,
				A3D0C87129799D5C009AE060 /* ProfileService.swift */,
				A32D23C3297D73E000A4784B /* ProfileImageService.swift */,
				A32D23C7297D760A00A4784B /* UserResult.swift */,
			);
			path = Profile;
			sourceTree = "<group>";
		};
/* End PBXGroup section */

/* Begin PBXNativeTarget section */
		A3B875772931271100C78C74 /* ImageFeed */ = {
			isa = PBXNativeTarget;
			buildConfigurationList = A3B8758C2931271300C78C74 /* Build configuration list for PBXNativeTarget "ImageFeed" */;
			buildPhases = (
				A3B875742931271100C78C74 /* Sources */,
				A3B875752931271100C78C74 /* Frameworks */,
				A3B875762931271100C78C74 /* Resources */,
			);
			buildRules = (
			);
			dependencies = (
			);
			name = ImageFeed;
			packageProductDependencies = (
				A3120E722976F30600F94B1E /* ProgressHUD */,
			);
			productName = ImageFeed;
			productReference = A3B875782931271100C78C74 /* ImageFeed.app */;
			productType = "com.apple.product-type.application";
		};
/* End PBXNativeTarget section */

/* Begin PBXProject section */
		A3B875702931271100C78C74 /* Project object */ = {
			isa = PBXProject;
			attributes = {
				BuildIndependentTargetsInParallel = 1;
				LastSwiftUpdateCheck = 1410;
				LastUpgradeCheck = 1410;
				TargetAttributes = {
					A3B875772931271100C78C74 = {
						CreatedOnToolsVersion = 14.1;
					};
				};
			};
			buildConfigurationList = A3B875732931271100C78C74 /* Build configuration list for PBXProject "ImageFeed" */;
			compatibilityVersion = "Xcode 14.0";
			developmentRegion = en;
			hasScannedForEncodings = 0;
			knownRegions = (
				en,
				Base,
			);
			mainGroup = A3B8756F2931271100C78C74;
			packageReferences = (
				A3120E712976F30600F94B1E /* XCRemoteSwiftPackageReference "ProgressHUD" */,
			);
			productRefGroup = A3B875792931271100C78C74 /* Products */;
			projectDirPath = "";
			projectRoot = "";
			targets = (
				A3B875772931271100C78C74 /* ImageFeed */,
			);
		};
/* End PBXProject section */

/* Begin PBXResourcesBuildPhase section */
		A3B875762931271100C78C74 /* Resources */ = {
			isa = PBXResourcesBuildPhase;
			buildActionMask = 2147483647;
			files = (
				A3B875882931271300C78C74 /* LaunchScreen.storyboard in Resources */,
				A3B875852931271300C78C74 /* Assets.xcassets in Resources */,
				A3B875832931271100C78C74 /* Main.storyboard in Resources */,
			);
			runOnlyForDeploymentPostprocessing = 0;
		};
/* End PBXResourcesBuildPhase section */

/* Begin PBXSourcesBuildPhase section */
		A3B875742931271100C78C74 /* Sources */ = {
			isa = PBXSourcesBuildPhase;
			buildActionMask = 2147483647;
			files = (
				A3087377294F34C90031D17F /* OAuth2TokenStorage.swift in Sources */,
				A3B875802931271100C78C74 /* ImagesListViewController.swift in Sources */,
				A3B875B02932772400C78C74 /* ImagesListCell.swift in Sources */,
				A373009E29390F8300BF1A73 /* ProfileViewController.swift in Sources */,
				A32D23C6297D756D00A4784B /* ProfileResponseBody.swift in Sources */,
				A3B8757C2931271100C78C74 /* AppDelegate.swift in Sources */,
				A3087375294F2DF90031D17F /* OAuth2Service.swift in Sources */,
				A32D23CA297DC4DD00A4784B /* URLSession+extension.swift in Sources */,
				A308737B294F863F0031D17F /* SplashViewController.swift in Sources */,
				A3087373294F29FD0031D17F /* OAuthTokenResponseBody.swift in Sources */,
				A3711184294CEDAB003CAC01 /* AuthViewController.swift in Sources */,
				A32D23C4297D73E000A4784B /* ProfileImageService.swift in Sources */,
				A3711182294CD9D7003CAC01 /* Constants.swift in Sources */,
				A3BF9DA1293A85B5006850C0 /* SingleImageViewController.swift in Sources */,
				A3711187294CF1EF003CAC01 /* WebViewViewController.swift in Sources */,
				A3B8757E2931271100C78C74 /* SceneDelegate.swift in Sources */,
				A3D0C87029799128009AE060 /* UIBlockingProgressHUD.swift in Sources */,
				A3D0C87229799D5C009AE060 /* ProfileService.swift in Sources */,
				A32D23C8297D760A00A4784B /* UserResult.swift in Sources */,
			);
			runOnlyForDeploymentPostprocessing = 0;
		};
/* End PBXSourcesBuildPhase section */

/* Begin PBXVariantGroup section */
		A3B875812931271100C78C74 /* Main.storyboard */ = {
			isa = PBXVariantGroup;
			children = (
				A3B875822931271100C78C74 /* Base */,
			);
			name = Main.storyboard;
			sourceTree = "<group>";
		};
		A3B875862931271300C78C74 /* LaunchScreen.storyboard */ = {
			isa = PBXVariantGroup;
			children = (
				A3B875872931271300C78C74 /* Base */,
			);
			name = LaunchScreen.storyboard;
			sourceTree = "<group>";
		};
/* End PBXVariantGroup section */

/* Begin XCBuildConfiguration section */
		A3B8758A2931271300C78C74 /* Debug */ = {
			isa = XCBuildConfiguration;
			buildSettings = {
				ALWAYS_SEARCH_USER_PATHS = NO;
				CLANG_ANALYZER_NONNULL = YES;
				CLANG_ANALYZER_NUMBER_OBJECT_CONVERSION = YES_AGGRESSIVE;
				CLANG_CXX_LANGUAGE_STANDARD = "gnu++20";
				CLANG_ENABLE_MODULES = YES;
				CLANG_ENABLE_OBJC_ARC = YES;
				CLANG_ENABLE_OBJC_WEAK = YES;
				CLANG_WARN_BLOCK_CAPTURE_AUTORELEASING = YES;
				CLANG_WARN_BOOL_CONVERSION = YES;
				CLANG_WARN_COMMA = YES;
				CLANG_WARN_CONSTANT_CONVERSION = YES;
				CLANG_WARN_DEPRECATED_OBJC_IMPLEMENTATIONS = YES;
				CLANG_WARN_DIRECT_OBJC_ISA_USAGE = YES_ERROR;
				CLANG_WARN_DOCUMENTATION_COMMENTS = YES;
				CLANG_WARN_EMPTY_BODY = YES;
				CLANG_WARN_ENUM_CONVERSION = YES;
				CLANG_WARN_INFINITE_RECURSION = YES;
				CLANG_WARN_INT_CONVERSION = YES;
				CLANG_WARN_NON_LITERAL_NULL_CONVERSION = YES;
				CLANG_WARN_OBJC_IMPLICIT_RETAIN_SELF = YES;
				CLANG_WARN_OBJC_LITERAL_CONVERSION = YES;
				CLANG_WARN_OBJC_ROOT_CLASS = YES_ERROR;
				CLANG_WARN_QUOTED_INCLUDE_IN_FRAMEWORK_HEADER = YES;
				CLANG_WARN_RANGE_LOOP_ANALYSIS = YES;
				CLANG_WARN_STRICT_PROTOTYPES = YES;
				CLANG_WARN_SUSPICIOUS_MOVE = YES;
				CLANG_WARN_UNGUARDED_AVAILABILITY = YES_AGGRESSIVE;
				CLANG_WARN_UNREACHABLE_CODE = YES;
				CLANG_WARN__DUPLICATE_METHOD_MATCH = YES;
				COPY_PHASE_STRIP = NO;
				DEBUG_INFORMATION_FORMAT = dwarf;
				ENABLE_STRICT_OBJC_MSGSEND = YES;
				ENABLE_TESTABILITY = YES;
				GCC_C_LANGUAGE_STANDARD = gnu11;
				GCC_DYNAMIC_NO_PIC = NO;
				GCC_NO_COMMON_BLOCKS = YES;
				GCC_OPTIMIZATION_LEVEL = 0;
				GCC_PREPROCESSOR_DEFINITIONS = (
					"DEBUG=1",
					"$(inherited)",
				);
				GCC_WARN_64_TO_32_BIT_CONVERSION = YES;
				GCC_WARN_ABOUT_RETURN_TYPE = YES_ERROR;
				GCC_WARN_UNDECLARED_SELECTOR = YES;
				GCC_WARN_UNINITIALIZED_AUTOS = YES_AGGRESSIVE;
				GCC_WARN_UNUSED_FUNCTION = YES;
				GCC_WARN_UNUSED_VARIABLE = YES;
				IPHONEOS_DEPLOYMENT_TARGET = 16.1;
				MTL_ENABLE_DEBUG_INFO = INCLUDE_SOURCE;
				MTL_FAST_MATH = YES;
				ONLY_ACTIVE_ARCH = YES;
				SDKROOT = iphoneos;
				SWIFT_ACTIVE_COMPILATION_CONDITIONS = DEBUG;
				SWIFT_OPTIMIZATION_LEVEL = "-Onone";
			};
			name = Debug;
		};
		A3B8758B2931271300C78C74 /* Release */ = {
			isa = XCBuildConfiguration;
			buildSettings = {
				ALWAYS_SEARCH_USER_PATHS = NO;
				CLANG_ANALYZER_NONNULL = YES;
				CLANG_ANALYZER_NUMBER_OBJECT_CONVERSION = YES_AGGRESSIVE;
				CLANG_CXX_LANGUAGE_STANDARD = "gnu++20";
				CLANG_ENABLE_MODULES = YES;
				CLANG_ENABLE_OBJC_ARC = YES;
				CLANG_ENABLE_OBJC_WEAK = YES;
				CLANG_WARN_BLOCK_CAPTURE_AUTORELEASING = YES;
				CLANG_WARN_BOOL_CONVERSION = YES;
				CLANG_WARN_COMMA = YES;
				CLANG_WARN_CONSTANT_CONVERSION = YES;
				CLANG_WARN_DEPRECATED_OBJC_IMPLEMENTATIONS = YES;
				CLANG_WARN_DIRECT_OBJC_ISA_USAGE = YES_ERROR;
				CLANG_WARN_DOCUMENTATION_COMMENTS = YES;
				CLANG_WARN_EMPTY_BODY = YES;
				CLANG_WARN_ENUM_CONVERSION = YES;
				CLANG_WARN_INFINITE_RECURSION = YES;
				CLANG_WARN_INT_CONVERSION = YES;
				CLANG_WARN_NON_LITERAL_NULL_CONVERSION = YES;
				CLANG_WARN_OBJC_IMPLICIT_RETAIN_SELF = YES;
				CLANG_WARN_OBJC_LITERAL_CONVERSION = YES;
				CLANG_WARN_OBJC_ROOT_CLASS = YES_ERROR;
				CLANG_WARN_QUOTED_INCLUDE_IN_FRAMEWORK_HEADER = YES;
				CLANG_WARN_RANGE_LOOP_ANALYSIS = YES;
				CLANG_WARN_STRICT_PROTOTYPES = YES;
				CLANG_WARN_SUSPICIOUS_MOVE = YES;
				CLANG_WARN_UNGUARDED_AVAILABILITY = YES_AGGRESSIVE;
				CLANG_WARN_UNREACHABLE_CODE = YES;
				CLANG_WARN__DUPLICATE_METHOD_MATCH = YES;
				COPY_PHASE_STRIP = NO;
				DEBUG_INFORMATION_FORMAT = "dwarf-with-dsym";
				ENABLE_NS_ASSERTIONS = NO;
				ENABLE_STRICT_OBJC_MSGSEND = YES;
				GCC_C_LANGUAGE_STANDARD = gnu11;
				GCC_NO_COMMON_BLOCKS = YES;
				GCC_WARN_64_TO_32_BIT_CONVERSION = YES;
				GCC_WARN_ABOUT_RETURN_TYPE = YES_ERROR;
				GCC_WARN_UNDECLARED_SELECTOR = YES;
				GCC_WARN_UNINITIALIZED_AUTOS = YES_AGGRESSIVE;
				GCC_WARN_UNUSED_FUNCTION = YES;
				GCC_WARN_UNUSED_VARIABLE = YES;
				IPHONEOS_DEPLOYMENT_TARGET = 16.1;
				MTL_ENABLE_DEBUG_INFO = NO;
				MTL_FAST_MATH = YES;
				SDKROOT = iphoneos;
				SWIFT_COMPILATION_MODE = wholemodule;
				SWIFT_OPTIMIZATION_LEVEL = "-O";
				VALIDATE_PRODUCT = YES;
			};
			name = Release;
		};
		A3B8758D2931271300C78C74 /* Debug */ = {
			isa = XCBuildConfiguration;
			buildSettings = {
				ASSETCATALOG_COMPILER_APPICON_NAME = AppIcon;
				ASSETCATALOG_COMPILER_GLOBAL_ACCENT_COLOR_NAME = AccentColor;
				CODE_SIGN_STYLE = Automatic;
				CURRENT_PROJECT_VERSION = 1;
				DEVELOPMENT_TEAM = SDLP5C8V69;
				GENERATE_INFOPLIST_FILE = YES;
				INFOPLIST_FILE = ImageFeed/Resources/Info.plist;
				INFOPLIST_KEY_UIApplicationSupportsIndirectInputEvents = YES;
				INFOPLIST_KEY_UILaunchStoryboardName = LaunchScreen;
				INFOPLIST_KEY_UIMainStoryboardFile = Main;
				INFOPLIST_KEY_UISupportedInterfaceOrientations = UIInterfaceOrientationPortrait;
				INFOPLIST_KEY_UISupportedInterfaceOrientations_iPad = "UIInterfaceOrientationLandscapeLeft UIInterfaceOrientationLandscapeRight UIInterfaceOrientationPortrait UIInterfaceOrientationPortraitUpsideDown";
				IPHONEOS_DEPLOYMENT_TARGET = 13.0;
				LD_RUNPATH_SEARCH_PATHS = (
					"$(inherited)",
					"@executable_path/Frameworks",
				);
				MARKETING_VERSION = 1.0;
				PRODUCT_BUNDLE_IDENTIFIER = "Dmitrii-Martynov.ImageFeed.ImageFeed";
				PRODUCT_NAME = "$(TARGET_NAME)";
				SUPPORTED_PLATFORMS = "iphoneos iphonesimulator macosx";
				SUPPORTS_MACCATALYST = NO;
				SUPPORTS_MAC_DESIGNED_FOR_IPHONE_IPAD = NO;
				SWIFT_EMIT_LOC_STRINGS = YES;
				SWIFT_VERSION = 5.0;
				TARGETED_DEVICE_FAMILY = 1;
			};
			name = Debug;
		};
		A3B8758E2931271300C78C74 /* Release */ = {
			isa = XCBuildConfiguration;
			buildSettings = {
				ASSETCATALOG_COMPILER_APPICON_NAME = AppIcon;
				ASSETCATALOG_COMPILER_GLOBAL_ACCENT_COLOR_NAME = AccentColor;
				CODE_SIGN_STYLE = Automatic;
				CURRENT_PROJECT_VERSION = 1;
				DEVELOPMENT_TEAM = SDLP5C8V69;
				GENERATE_INFOPLIST_FILE = YES;
				INFOPLIST_FILE = ImageFeed/Resources/Info.plist;
				INFOPLIST_KEY_UIApplicationSupportsIndirectInputEvents = YES;
				INFOPLIST_KEY_UILaunchStoryboardName = LaunchScreen;
				INFOPLIST_KEY_UIMainStoryboardFile = Main;
				INFOPLIST_KEY_UISupportedInterfaceOrientations = UIInterfaceOrientationPortrait;
				INFOPLIST_KEY_UISupportedInterfaceOrientations_iPad = "UIInterfaceOrientationLandscapeLeft UIInterfaceOrientationLandscapeRight UIInterfaceOrientationPortrait UIInterfaceOrientationPortraitUpsideDown";
				IPHONEOS_DEPLOYMENT_TARGET = 13.0;
				LD_RUNPATH_SEARCH_PATHS = (
					"$(inherited)",
					"@executable_path/Frameworks",
				);
				MARKETING_VERSION = 1.0;
				PRODUCT_BUNDLE_IDENTIFIER = "Dmitrii-Martynov.ImageFeed.ImageFeed";
				PRODUCT_NAME = "$(TARGET_NAME)";
				SUPPORTED_PLATFORMS = "iphoneos iphonesimulator macosx";
				SUPPORTS_MACCATALYST = NO;
				SUPPORTS_MAC_DESIGNED_FOR_IPHONE_IPAD = NO;
				SWIFT_EMIT_LOC_STRINGS = YES;
				SWIFT_VERSION = 5.0;
				TARGETED_DEVICE_FAMILY = 1;
			};
			name = Release;
		};
/* End XCBuildConfiguration section */

/* Begin XCConfigurationList section */
		A3B875732931271100C78C74 /* Build configuration list for PBXProject "ImageFeed" */ = {
			isa = XCConfigurationList;
			buildConfigurations = (
				A3B8758A2931271300C78C74 /* Debug */,
				A3B8758B2931271300C78C74 /* Release */,
			);
			defaultConfigurationIsVisible = 0;
			defaultConfigurationName = Release;
		};
		A3B8758C2931271300C78C74 /* Build configuration list for PBXNativeTarget "ImageFeed" */ = {
			isa = XCConfigurationList;
			buildConfigurations = (
				A3B8758D2931271300C78C74 /* Debug */,
				A3B8758E2931271300C78C74 /* Release */,
			);
			defaultConfigurationIsVisible = 0;
			defaultConfigurationName = Release;
		};
/* End XCConfigurationList section */

/* Begin XCRemoteSwiftPackageReference section */
		A3120E712976F30600F94B1E /* XCRemoteSwiftPackageReference "ProgressHUD" */ = {
			isa = XCRemoteSwiftPackageReference;
			repositoryURL = "https://github.com/relatedcode/ProgressHUD";
			requirement = {
				kind = upToNextMajorVersion;
				minimumVersion = 13.0.0;
			};
		};
/* End XCRemoteSwiftPackageReference section */

/* Begin XCSwiftPackageProductDependency section */
		A3120E722976F30600F94B1E /* ProgressHUD */ = {
			isa = XCSwiftPackageProductDependency;
			package = A3120E712976F30600F94B1E /* XCRemoteSwiftPackageReference "ProgressHUD" */;
			productName = ProgressHUD;
		};
/* End XCSwiftPackageProductDependency section */
	};
	rootObject = A3B875702931271100C78C74 /* Project object */;
}
